
Microsoft Visual Studio Solution File, Format Version 12.00
# Visual Studio Version 17
VisualStudioVersion = 17.11.35222.181
MinimumVisualStudioVersion = 10.0.40219.1
Project("{9A19103F-16F7-4668-BE54-9A1E7A4F7556}") = "CarSimulator.ConsoleApp", "ConsoleApp\CarSimulator.ConsoleApp.csproj", "{55AA59E4-CFE1-4ABC-B533-879EC2557F44}"
EndProject
Project("{9A19103F-16F7-4668-BE54-9A1E7A4F7556}") = "CarSimulator.Tests", "CarSimulator.Tests\CarSimulator.Tests.csproj", "{1841D970-E113-45BE-8BBE-C0B47D0D509E}"
EndProject
Project("{9A19103F-16F7-4668-BE54-9A1E7A4F7556}") = "CarSimulator.Items", "CarSimulator.Items\CarSimulator.Items.csproj", "{60FE0DD3-379D-41CE-8695-38308B282D7D}"
EndProject
Project("{FAE04EC0-301F-11D3-BF4B-00C04F79EFBC}") = "CarSimulator.UI.Tests", "CarSimulator.UI.Tests\CarSimulator.UI.Tests.csproj", "{15B195E2-702D-4A7C-92FE-744A4907F084}"
EndProject
Global
	GlobalSection(SolutionConfigurationPlatforms) = preSolution
		Debug|Any CPU = Debug|Any CPU
		Release|Any CPU = Release|Any CPU
	EndGlobalSection
	GlobalSection(ProjectConfigurationPlatforms) = postSolution
		{55AA59E4-CFE1-4ABC-B533-879EC2557F44}.Debug|Any CPU.ActiveCfg = Debug|Any CPU
		{55AA59E4-CFE1-4ABC-B533-879EC2557F44}.Debug|Any CPU.Build.0 = Debug|Any CPU
		{55AA59E4-CFE1-4ABC-B533-879EC2557F44}.Release|Any CPU.ActiveCfg = Release|Any CPU
		{55AA59E4-CFE1-4ABC-B533-879EC2557F44}.Release|Any CPU.Build.0 = Release|Any CPU
		{1841D970-E113-45BE-8BBE-C0B47D0D509E}.Debug|Any CPU.ActiveCfg = Debug|Any CPU
		{1841D970-E113-45BE-8BBE-C0B47D0D509E}.Debug|Any CPU.Build.0 = Debug|Any CPU
		{1841D970-E113-45BE-8BBE-C0B47D0D509E}.Release|Any CPU.ActiveCfg = Release|Any CPU
		{1841D970-E113-45BE-8BBE-C0B47D0D509E}.Release|Any CPU.Build.0 = Release|Any CPU
		{60FE0DD3-379D-41CE-8695-38308B282D7D}.Debug|Any CPU.ActiveCfg = Debug|Any CPU
		{60FE0DD3-379D-41CE-8695-38308B282D7D}.Debug|Any CPU.Build.0 = Debug|Any CPU
		{60FE0DD3-379D-41CE-8695-38308B282D7D}.Release|Any CPU.ActiveCfg = Release|Any CPU
		{60FE0DD3-379D-41CE-8695-38308B282D7D}.Release|Any CPU.Build.0 = Release|Any CPU
		{15B195E2-702D-4A7C-92FE-744A4907F084}.Debug|Any CPU.ActiveCfg = Debug|Any CPU
		{15B195E2-702D-4A7C-92FE-744A4907F084}.Debug|Any CPU.Build.0 = Debug|Any CPU
		{15B195E2-702D-4A7C-92FE-744A4907F084}.Release|Any CPU.ActiveCfg = Release|Any CPU
		{15B195E2-702D-4A7C-92FE-744A4907F084}.Release|Any CPU.Build.0 = Release|Any CPU
	EndGlobalSection
	GlobalSection(SolutionProperties) = preSolution
		HideSolutionNode = FALSE
	EndGlobalSection
	GlobalSection(ExtensibilityGlobals) = postSolution
		SolutionGuid = {4AF0FBEF-1241-4387-B041-53724F0BEDE3}
	EndGlobalSection
EndGlobal
